
Microsoft Visual Studio Solution File, Format Version 12.00
Project("{FAE04EC0-301F-11D3-BF4B-00C04F79EFBC}") = "RollingUpgrade.Api", "RollingUpgrade.Api\RollingUpgrade.Api.csproj", "{8338039B-777A-446D-9267-99697AD29740}"
EndProject
Project("{FAE04EC0-301F-11D3-BF4B-00C04F79EFBC}") = "docker-compose", "docker-compose.dcproj", "{28BB06BC-F77B-4BE8-99B5-D99C0E8D470E}"
EndProject
Project("{FAE04EC0-301F-11D3-BF4B-00C04F79EFBC}") = "RollingUpgrade.Proxy", "RollingUpgrade.Proxy\RollingUpgrade.Proxy.csproj", "{5D192F34-BAF8-4AFD-9AD1-96E897C7F651}"
EndProject
Project("{FAE04EC0-301F-11D3-BF4B-00C04F79EFBC}") = "Dzidek.Net.Yarp.RollingUpgrades", "Dzidek.Net.Yarp.RollingUpgrades\Dzidek.Net.Yarp.RollingUpgrades.csproj", "{3274102D-CCDF-4D9F-854B-9B9B0162C798}"
EndProject
Project("{FAE04EC0-301F-11D3-BF4B-00C04F79EFBC}") = "Dzidek.Net.Yarp.RollingUpgrades.UnitTests", "Dzidek.Net.Yarp.RollingUpgrades.UnitTests\Dzidek.Net.Yarp.RollingUpgrades.UnitTests.csproj", "{777DDD66-5EB8-4FB3-9A4E-E4D017AFE742}"
EndProject
Project("{FAE04EC0-301F-11D3-BF4B-00C04F79EFBC}") = "Dzidek.Net.Yarp.RollingUpgrades.Extensions.Api", "Dzidek.Net.Yarp.RollingUpgrades.Extensions.Api\Dzidek.Net.Yarp.RollingUpgrades.Extensions.Api.csproj", "{D28F9B5A-FDFE-45CE-9217-016F89241527}"
EndProject
Global
	GlobalSection(SolutionConfigurationPlatforms) = preSolution
		Debug|Any CPU = Debug|Any CPU
		Release|Any CPU = Release|Any CPU
	EndGlobalSection
	GlobalSection(ProjectConfigurationPlatforms) = postSolution
		{8338039B-777A-446D-9267-99697AD29740}.Debug|Any CPU.ActiveCfg = Debug|Any CPU
		{8338039B-777A-446D-9267-99697AD29740}.Debug|Any CPU.Build.0 = Debug|Any CPU
		{8338039B-777A-446D-9267-99697AD29740}.Release|Any CPU.ActiveCfg = Release|Any CPU
		{8338039B-777A-446D-9267-99697AD29740}.Release|Any CPU.Build.0 = Release|Any CPU
		{28BB06BC-F77B-4BE8-99B5-D99C0E8D470E}.Debug|Any CPU.ActiveCfg = Debug|Any CPU
		{28BB06BC-F77B-4BE8-99B5-D99C0E8D470E}.Debug|Any CPU.Build.0 = Debug|Any CPU
		{28BB06BC-F77B-4BE8-99B5-D99C0E8D470E}.Release|Any CPU.ActiveCfg = Debug|Any CPU
		{28BB06BC-F77B-4BE8-99B5-D99C0E8D470E}.Release|Any CPU.Build.0 = Debug|Any CPU
		{5D192F34-BAF8-4AFD-9AD1-96E897C7F651}.Debug|Any CPU.ActiveCfg = Debug|Any CPU
		{5D192F34-BAF8-4AFD-9AD1-96E897C7F651}.Debug|Any CPU.Build.0 = Debug|Any CPU
		{5D192F34-BAF8-4AFD-9AD1-96E897C7F651}.Release|Any CPU.ActiveCfg = Release|Any CPU
		{5D192F34-BAF8-4AFD-9AD1-96E897C7F651}.Release|Any CPU.Build.0 = Release|Any CPU
		{3274102D-CCDF-4D9F-854B-9B9B0162C798}.Debug|Any CPU.ActiveCfg = Debug|Any CPU
		{3274102D-CCDF-4D9F-854B-9B9B0162C798}.Debug|Any CPU.Build.0 = Debug|Any CPU
		{3274102D-CCDF-4D9F-854B-9B9B0162C798}.Release|Any CPU.ActiveCfg = Release|Any CPU
		{3274102D-CCDF-4D9F-854B-9B9B0162C798}.Release|Any CPU.Build.0 = Release|Any CPU
		{777DDD66-5EB8-4FB3-9A4E-E4D017AFE742}.Debug|Any CPU.ActiveCfg = Debug|Any CPU
		{777DDD66-5EB8-4FB3-9A4E-E4D017AFE742}.Debug|Any CPU.Build.0 = Debug|Any CPU
		{777DDD66-5EB8-4FB3-9A4E-E4D017AFE742}.Release|Any CPU.ActiveCfg = Release|Any CPU
		{777DDD66-5EB8-4FB3-9A4E-E4D017AFE742}.Release|Any CPU.Build.0 = Release|Any CPU
		{D28F9B5A-FDFE-45CE-9217-016F89241527}.Debug|Any CPU.ActiveCfg = Debug|Any CPU
		{D28F9B5A-FDFE-45CE-9217-016F89241527}.Debug|Any CPU.Build.0 = Debug|Any CPU
		{D28F9B5A-FDFE-45CE-9217-016F89241527}.Release|Any CPU.ActiveCfg = Release|Any CPU
		{D28F9B5A-FDFE-45CE-9217-016F89241527}.Release|Any CPU.Build.0 = Release|Any CPU
	EndGlobalSection
EndGlobal
